
Microsoft Visual Studio Solution File, Format Version 12.00
# Visual Studio Version 17
VisualStudioVersion = 17.1.32421.90
MinimumVisualStudioVersion = 10.0.40219.1
Project("{FAE04EC0-301F-11D3-BF4B-00C04F79EFBC}") = "certamen3", "certamen3.csproj", "{A62CEFF9-3301-49C7-96CB-828483EF0960}"
EndProject
Global
	GlobalSection(SolutionConfigurationPlatforms) = preSolution
		Debug|Any CPU = Debug|Any CPU
		Release|Any CPU = Release|Any CPU
	EndGlobalSection
	GlobalSection(ProjectConfigurationPlatforms) = postSolution
		{A62CEFF9-3301-49C7-96CB-828483EF0960}.Debug|Any CPU.ActiveCfg = Debug|Any CPU
		{A62CEFF9-3301-49C7-96CB-828483EF0960}.Debug|Any CPU.Build.0 = Debug|Any CPU
		{A62CEFF9-3301-49C7-96CB-828483EF0960}.Release|Any CPU.ActiveCfg = Release|Any CPU
		{A62CEFF9-3301-49C7-96CB-828483EF0960}.Release|Any CPU.Build.0 = Release|Any CPU
	EndGlobalSection
	GlobalSection(SolutionProperties) = preSolution
		HideSolutionNode = FALSE
	EndGlobalSection
	GlobalSection(ExtensibilityGlobals) = postSolution
		SolutionGuid = {CDA138C2-8C7F-4A84-A652-FBB93FB835CD}
	EndGlobalSection
EndGlobal
